
Microsoft Visual Studio Solution File, Format Version 11.00
# Visual Studio 2010
Project("{FAE04EC0-301F-11D3-BF4B-00C04F79EFBC}") = "Xbox360Content", "Xbox360Content\Xbox360Content.csproj", "{BDB86245-2672-44C6-8270-6D065375CA78}"
EndProject
Global
	GlobalSection(SolutionConfigurationPlatforms) = preSolution
		Debug|Any CPU = Debug|Any CPU
		Release|Any CPU = Release|Any CPU
	EndGlobalSection
	GlobalSection(ProjectConfigurationPlatforms) = postSolution
		{BDB86245-2672-44C6-8270-6D065375CA78}.Debug|Any CPU.ActiveCfg = Debug|Any CPU
		{BDB86245-2672-44C6-8270-6D065375CA78}.Debug|Any CPU.Build.0 = Debug|Any CPU
		{BDB86245-2672-44C6-8270-6D065375CA78}.Release|Any CPU.ActiveCfg = Release|Any CPU
		{BDB86245-2672-44C6-8270-6D065375CA78}.Release|Any CPU.Build.0 = Release|Any CPU
	EndGlobalSection
	GlobalSection(SolutionProperties) = preSolution
		HideSolutionNode = FALSE
	EndGlobalSection
EndGlobal
